# This file was autogenerated by uv via the following command:
#    uv pip compile requirements-uv.txt -o uv.lock
absl-py==2.4.0
    # via tensorboard
aiobotocore==3.7.0
    # via
    #   -r requirements-uv.txt
    #   s3fs
aiohappyeyeballs==2.6.2
    # via aiohttp
aiohttp==3.14.1
    # via
    #   aiobotocore
    #   aiohttp-retry
    #   fsspec
    #   gcsfs
    #   mlflow
    #   s3fs
aiohttp-retry==2.9.1
    # via
    #   dvc-http
    #   scmrepo
aioitertools==0.13.0
    # via aiobotocore
aiokafka==0.14.0
    # via -r requirements-uv.txt
aiosignal==1.4.0
    # via aiohttp
alembic==1.18.5
    # via
    #   mlflow
    #   optuna
altair==6.2.2
    # via great-expectations
amqp==5.3.1
    # via kombu
annotated-doc==0.0.4
    # via
    #   fastapi
    #   typer
annotated-types==0.7.0
    # via pydantic
antlr4-python3-runtime==4.9.3
    # via
    #   hydra-core
    #   omegaconf
anyio==4.14.1
    # via
    #   gql
    #   httpx
    #   mcp
    #   sse-starlette
    #   starlette
aplr==10.23.0
    # via interpret-core
appdirs==1.4.4
    # via
    #   dagshub
    #   iterative-telemetry
asgiref==3.11.1
    # via
    #   -r requirements-uv.txt
    #   opentelemetry-instrumentation-asgi
asttokens==3.0.1
    # via stack-data
async-timeout==5.0.1
    # via
    #   aiohttp
    #   aiokafka
    #   redis
asyncssh==2.23.1
    # via scmrepo
atpublic==7.0.0
    # via flufl-lock
attrs==26.1.0
    # via
    #   -r requirements-uv.txt
    #   aiohttp
    #   dvc
    #   dvc-data
    #   eli5
    #   jsonschema
    #   referencing
    #   sqltrie
awscli==1.45.0
    # via -r requirements-uv.txt
backoff==2.2.1
    # via gql
billiard==4.2.4
    # via celery
blinker==1.9.0
    # via flask
boto3==1.43.0
    # via
    #   -r requirements-uv.txt
    #   dagshub
botocore==1.43.0
    # via
    #   -r requirements-uv.txt
    #   aiobotocore
    #   awscli
    #   boto3
    #   s3transfer
bottle==0.13.4
    # via optuna-dashboard
cachetools==7.1.4
    # via
    #   mlflow-skinny
    #   mlflow-tracing
catboost==1.2.10
    # via -r requirements-uv.txt
category-encoders==2.8.1
    # via -r requirements-uv.txt
cbor2==6.1.2
    # via -r requirements-uv.txt
celery==5.6.3
    # via
    #   dvc
    #   dvc-task
certifi==2026.6.17
    # via
    #   httpcore
    #   httpx
    #   kfp-server-api
    #   kubernetes
    #   requests
cffi==2.0.0
    # via
    #   cryptography
    #   gevent
    #   pygit2
charset-normalizer==3.4.7
    # via requests
click==8.4.2
    # via
    #   -r requirements-uv.txt
    #   celery
    #   click-didyoumean
    #   click-option-group
    #   click-plugins
    #   click-repl
    #   dagshub
    #   dask
    #   distributed
    #   flask
    #   huggingface-hub
    #   kfp
    #   mlflow-skinny
    #   typer
    #   uvicorn
click-didyoumean==0.3.1
    # via celery
click-option-group==0.5.7
    # via kfp
click-plugins==1.1.1.2
    # via celery
click-repl==0.3.0
    # via celery
cloudpickle==3.1.2
    # via
    #   -r requirements-uv.txt
    #   dask
    #   distributed
    #   hyperopt
    #   mlflow-skinny
    #   shap
    #   tsfresh
cmdstanpy==1.3.0
    # via prophet
colorama==0.4.6
    # via
    #   -r requirements-uv.txt
    #   awscli
    #   click
    #   colorlog
    #   dvc
    #   ipython
    #   loguru
    #   tqdm
coloredlogs==15.0.1
    # via -r requirements-uv.txt
colorlog==6.10.1
    # via optuna
comm==0.2.3
    # via ipywidgets
configobj==5.0.9
    # via dvc
contourpy==1.3.2
    # via matplotlib
cryptography==48.0.1
    # via
    #   asyncssh
    #   google-auth
    #   great-expectations
    #   mlflow
    #   pyjwt
cycler==0.12.1
    # via matplotlib
cython==3.2.6
    # via pmdarima
dacite==1.6.0
    # via dagshub
dagshub==0.7.0
    # via -r requirements-uv.txt
dagshub-annotation-converter==0.2.0
    # via dagshub
dash==4.3.0
    # via
    #   dash-cytoscape
    #   interpret-core
dash-cytoscape==1.0.2
    # via interpret-core
dask==2026.6.0
    # via
    #   -r requirements-uv.txt
    #   distributed
databricks-sdk==0.119.0
    # via
    #   mlflow-skinny
    #   mlflow-tracing
dataclasses-json==0.6.7
    # via dagshub
datasets==1.1.1
    # via -r requirements-uv.txt
decorator==5.3.1
    # via
    #   gcsfs
    #   ipython
dictdiffer==0.9.0
    # via dvc-data
dill==0.4.1
    # via
    #   -r requirements-uv.txt
    #   datasets
    #   multiprocess
diskcache==5.6.3
    # via dvc-data
distributed==2026.6.0
    # via -r requirements-uv.txt
distro==1.9.0
    # via
    #   dvc
    #   iterative-telemetry
docker==7.1.0
    # via mlflow
docstring-parser==0.18.0
    # via kfp
docutils==0.19
    # via awscli
dpath==2.2.0
    # via dvc
dulwich==1.2.6
    # via
    #   dvc
    #   dvc-studio-client
    #   scmrepo
dvc==3.67.1
    # via -r requirements-uv.txt
dvc-data==3.18.3
    # via dvc
dvc-http==2.32.0
    # via dvc
dvc-objects==5.2.0
    # via
    #   dvc
    #   dvc-data
dvc-render==1.0.2
    # via dvc
dvc-studio-client==0.23.0
    # via dvc
dvc-task==0.40.2
    # via dvc
eli5==0.16.0
    # via -r requirements-uv.txt
entrypoints==0.4
    # via gto
et-xmlfile==2.0.0
    # via openpyxl
exceptiongroup==1.3.1
    # via
    #   anyio
    #   celery
    #   ipython
executing==2.2.1
    # via stack-data
fastapi==0.138.1
    # via
    #   -r requirements-uv.txt
    #   mlflow-skinny
feature-engine==1.9.4
    # via -r requirements-uv.txt
filelock==3.29.4
    # via
    #   datasets
    #   huggingface-hub
    #   iterative-telemetry
    #   torch
flask==3.1.3
    # via
    #   dash
    #   flask-cors
    #   interpret-core
    #   mlflow
flask-cors==6.0.5
    # via mlflow
flatten-dict==0.5.0
    # via dvc
flufl-lock==9.1.0
    # via dvc
fonttools==4.63.0
    # via matplotlib
frozenlist==1.8.0
    # via
    #   aiohttp
    #   aiosignal
fsspec==2026.6.0
    # via
    #   -r requirements-uv.txt
    #   dask
    #   dvc
    #   dvc-data
    #   dvc-http
    #   dvc-objects
    #   gcsfs
    #   huggingface-hub
    #   pytorch-lightning
    #   s3fs
    #   scmrepo
    #   torch
funcy==2.0
    # via
    #   dvc
    #   dvc-data
    #   dvc-objects
    #   dvc-task
    #   gto
    #   scmrepo
future==1.0.0
    # via hyperopt
gcsfs==2026.6.0
    # via -r requirements-uv.txt
gevent==26.5.0
    # via interpret-core
gitdb==4.0.12
    # via gitpython
gitpython==3.1.50
    # via
    #   dagshub
    #   mlflow-skinny
    #   scmrepo
google-api-core==2.31.0
    # via
    #   -r requirements-uv.txt
    #   google-cloud-core
    #   google-cloud-storage
    #   google-cloud-storage-control
    #   kfp
google-auth==2.55.0
    # via
    #   -r requirements-uv.txt
    #   databricks-sdk
    #   gcsfs
    #   google-api-core
    #   google-auth-oauthlib
    #   google-cloud-core
    #   google-cloud-storage
    #   google-cloud-storage-control
    #   kfp
    #   kubernetes
google-auth-oauthlib==1.4.0
    # via gcsfs
google-cloud-core==2.6.0
    # via
    #   -r requirements-uv.txt
    #   google-cloud-storage
google-cloud-storage==3.12.0
    # via
    #   -r requirements-uv.txt
    #   gcsfs
    #   kfp
google-cloud-storage-control==1.12.0
    # via gcsfs
google-crc32c==1.8.0
    # via
    #   google-cloud-storage
    #   google-resumable-media
google-resumable-media==2.10.0
    # via google-cloud-storage
googleapis-common-protos==1.75.0
    # via
    #   google-api-core
    #   grpc-google-iam-v1
    #   grpcio-status
    #   opentelemetry-exporter-otlp-proto-grpc
    #   opentelemetry-exporter-otlp-proto-http
gql==4.0.0
    # via dagshub
grandalf==0.8
    # via dvc
graphene==3.4.3
    # via mlflow
graphql-core==3.2.11
    # via
    #   gql
    #   graphene
    #   graphql-relay
graphql-relay==3.2.0
    # via graphene
graphviz==0.21
    # via
    #   catboost
    #   eli5
great-expectations==1.18.1
    # via -r requirements-uv.txt
greenlet==3.5.2
    # via
    #   gevent
    #   sqlalchemy
grpc-google-iam-v1==0.14.4
    # via google-cloud-storage-control
grpcio==1.81.1
    # via
    #   google-api-core
    #   google-cloud-storage-control
    #   googleapis-common-protos
    #   grpc-google-iam-v1
    #   grpcio-status
    #   opentelemetry-exporter-otlp-proto-grpc
    #   tensorboard
grpcio-status==1.81.1
    # via google-api-core
gto==1.9.0
    # via dvc
gunicorn==26.0.0
    # via -r requirements-uv.txt
h11==0.16.0
    # via
    #   -r requirements-uv.txt
    #   httpcore
    #   uvicorn
h5py==3.16.0
    # via -r requirements-uv.txt
hf-xet==1.5.1
    # via huggingface-hub
hiredis==3.4.0
    # via -r requirements-uv.txt
holidays==0.99
    # via prophet
httpcore==1.0.9
    # via httpx
httpx==0.28.1
    # via
    #   -r requirements-uv.txt
    #   dagshub
    #   huggingface-hub
    #   mcp
httpx-sse==0.4.3
    # via mcp
huey==3.0.3
    # via mlflow
huggingface-hub==1.21.0
    # via
    #   -r requirements-uv.txt
    #   tokenizers
    #   transformers
humanfriendly==10.0
    # via coloredlogs
hydra-core==1.3.3
    # via dvc
hyperopt==0.2.7
    # via -r requirements-uv.txt
idna==3.18
    # via
    #   anyio
    #   httpx
    #   requests
    #   yarl
imageio==2.37.3
    # via scikit-image
imbalanced-learn==0.14.2
    # via -r requirements-uv.txt
importlib-metadata==9.0.0
    # via
    #   dash
    #   dask
    #   mlflow-skinny
importlib-resources==7.1.0
    # via prophet
interpret==0.7.8
    # via -r requirements-uv.txt
interpret-core==0.7.8
    # via interpret
ipython==8.39.0
    # via
    #   interpret-core
    #   ipywidgets
ipywidgets==8.1.8
    # via interpret-core
iterative-telemetry==0.0.10
    # via dvc
itsdangerous==2.2.0
    # via flask
janus==2.0.0
    # via dash
jedi==0.20.0
    # via ipython
jinja2==3.1.6
    # via
    #   altair
    #   distributed
    #   eli5
    #   flask
    #   great-expectations
    #   skrub
    #   torch
jmespath==1.1.0
    # via
    #   aiobotocore
    #   boto3
    #   botocore
joblib==1.5.3
    # via
    #   -r requirements-uv.txt
    #   imbalanced-learn
    #   interpret-core
    #   pmdarima
    #   scikit-learn
    #   scikit-optimize
    #   sktime
jsonschema==4.26.0
    # via
    #   -r requirements-uv.txt
    #   altair
    #   great-expectations
    #   mcp
jsonschema-specifications==2025.9.1
    # via jsonschema
jupyterlab-widgets==3.0.16
    # via ipywidgets
kafka-python==3.0.5
    # via -r requirements-uv.txt
kfp==2.16.1
    # via -r requirements-uv.txt
kfp-pipeline-spec==2.16.1
    # via kfp
kfp-server-api==2.16.1
    # via kfp
kiwisolver==1.5.0
    # via matplotlib
kombu==5.6.2
    # via
    #   celery
    #   dvc
    #   dvc-task
kubernetes==30.1.0
    # via kfp
lazy-loader==0.5
    # via scikit-image
lightgbm==4.6.0
    # via -r requirements-uv.txt
lightning-utilities==0.15.3
    # via
    #   pytorch-lightning
    #   torchmetrics
lime==0.2.0.1
    # via -r requirements-uv.txt
line-profiler==5.0.2
    # via -r requirements-uv.txt
llvmlite==0.47.0
    # via numba
locket==1.0.0
    # via
    #   distributed
    #   partd
loguru==0.7.3
    # via -r requirements-uv.txt
lxml==6.1.1
    # via dagshub-annotation-converter
mako==1.3.12
    # via alembic
markdown==3.10.2
    # via tensorboard
markdown-it-py==4.2.0
    # via rich
markupsafe==3.0.3
    # via
    #   flask
    #   jinja2
    #   mako
    #   werkzeug
marshmallow==3.26.2
    # via
    #   dataclasses-json
    #   great-expectations
matplotlib==3.10.9
    # via
    #   -r requirements-uv.txt
    #   catboost
    #   lime
    #   mlflow
    #   prophet
    #   salib
    #   seaborn
    #   skrub
matplotlib-inline==0.2.2
    # via ipython
mcp==1.28.0
    # via dash
mdurl==0.1.2
    # via markdown-it-py
memory-profiler==0.61.0
    # via -r requirements-uv.txt
mistune==3.3.2
    # via great-expectations
mlflow==3.14.0
    # via -r requirements-uv.txt
mlflow-skinny==3.14.0
    # via
    #   -r requirements-uv.txt
    #   mlflow
mlflow-tracing==3.14.0
    # via mlflow
mpmath==1.3.0
    # via sympy
msgpack==1.2.1
    # via
    #   -r requirements-uv.txt
    #   distributed
multidict==6.7.1
    # via
    #   aiobotocore
    #   aiohttp
    #   yarl
multiprocess==0.70.19
    # via
    #   datasets
    #   salib
mypy-extensions==1.1.0
    # via typing-inspect
narwhals==2.22.1
    # via
    #   altair
    #   plotly
nest-asyncio==1.6.0
    # via dash
networkx==3.4.2
    # via
    #   dvc
    #   hyperopt
    #   scikit-image
    #   torch
numba==0.65.1
    # via
    #   shap
    #   stumpy
numpy==2.2.6
    # via
    #   -r requirements-uv.txt
    #   aplr
    #   catboost
    #   category-encoders
    #   cmdstanpy
    #   contourpy
    #   datasets
    #   eli5
    #   feature-engine
    #   great-expectations
    #   h5py
    #   hyperopt
    #   imageio
    #   imbalanced-learn
    #   interpret-core
    #   lightgbm
    #   lime
    #   matplotlib
    #   mlflow
    #   numba
    #   optuna
    #   pandas
    #   patsy
    #   pmdarima
    #   prophet
    #   pywavelets
    #   salib
    #   scikit-image
    #   scikit-learn
    #   scikit-optimize
    #   scipy
    #   seaborn
    #   shap
    #   skops
    #   skrub
    #   sktime
    #   stanio
    #   statsmodels
    #   stumpy
    #   tensorboard
    #   tensorboardx
    #   tifffile
    #   torchmetrics
    #   torchvision
    #   transformers
    #   tsfresh
    #   xgboost
oauthlib==3.3.1
    # via
    #   kubernetes
    #   requests-oauthlib
omegaconf==2.3.1
    # via
    #   dvc
    #   hydra-core
openpyxl==3.1.5
    # via -r requirements-uv.txt
opentelemetry-api==1.43.0
    # via
    #   -r requirements-uv.txt
    #   mlflow-skinny
    #   mlflow-tracing
    #   opentelemetry-exporter-otlp-proto-grpc
    #   opentelemetry-exporter-otlp-proto-http
    #   opentelemetry-instrumentation
    #   opentelemetry-instrumentation-asgi
    #   opentelemetry-instrumentation-fastapi
    #   opentelemetry-instrumentation-requests
    #   opentelemetry-sdk
    #   opentelemetry-semantic-conventions
opentelemetry-exporter-otlp==1.43.0
    # via -r requirements-uv.txt
opentelemetry-exporter-otlp-proto-common==1.43.0
    # via
    #   opentelemetry-exporter-otlp-proto-grpc
    #   opentelemetry-exporter-otlp-proto-http
opentelemetry-exporter-otlp-proto-grpc==1.43.0
    # via opentelemetry-exporter-otlp
opentelemetry-exporter-otlp-proto-http==1.43.0
    # via opentelemetry-exporter-otlp
opentelemetry-instrumentation==0.64b0
    # via
    #   -r requirements-uv.txt
    #   opentelemetry-instrumentation-asgi
    #   opentelemetry-instrumentation-fastapi
    #   opentelemetry-instrumentation-requests
opentelemetry-instrumentation-asgi==0.64b0
    # via
    #   -r requirements-uv.txt
    #   opentelemetry-instrumentation-fastapi
opentelemetry-instrumentation-fastapi==0.64b0
    # via -r requirements-uv.txt
opentelemetry-instrumentation-requests==0.64b0
    # via -r requirements-uv.txt
opentelemetry-proto==1.43.0
    # via
    #   mlflow-skinny
    #   mlflow-tracing
    #   opentelemetry-exporter-otlp-proto-common
    #   opentelemetry-exporter-otlp-proto-grpc
    #   opentelemetry-exporter-otlp-proto-http
opentelemetry-sdk==1.43.0
    # via
    #   -r requirements-uv.txt
    #   mlflow-skinny
    #   mlflow-tracing
    #   opentelemetry-exporter-otlp-proto-grpc
    #   opentelemetry-exporter-otlp-proto-http
opentelemetry-semantic-conventions==0.64b0
    # via
    #   opentelemetry-instrumentation
    #   opentelemetry-instrumentation-asgi
    #   opentelemetry-instrumentation-fastapi
    #   opentelemetry-instrumentation-requests
    #   opentelemetry-sdk
opentelemetry-util-http==0.64b0
    # via
    #   opentelemetry-instrumentation-asgi
    #   opentelemetry-instrumentation-fastapi
    #   opentelemetry-instrumentation-requests
optuna==4.9.0
    # via
    #   -r requirements-uv.txt
    #   optuna-dashboard
optuna-dashboard==0.20.0
    # via -r requirements-uv.txt
orjson==3.11.9
    # via
    #   dvc-data
    #   sqltrie
packaging==26.2
    # via
    #   -r requirements-uv.txt
    #   aiokafka
    #   altair
    #   dask
    #   distributed
    #   dvc
    #   great-expectations
    #   gunicorn
    #   huggingface-hub
    #   hydra-core
    #   kombu
    #   lazy-loader
    #   lightning-utilities
    #   marshmallow
    #   matplotlib
    #   mlflow-skinny
    #   mlflow-tracing
    #   opentelemetry-instrumentation
    #   optuna
    #   pandera
    #   plotly
    #   pmdarima
    #   pytorch-lightning
    #   scikit-image
    #   scikit-optimize
    #   shap
    #   skops
    #   sktime
    #   statsmodels
    #   tensorboard
    #   tensorboardx
    #   torchmetrics
    #   transformers
pandas==2.3.3
    # via
    #   -r requirements-uv.txt
    #   aplr
    #   catboost
    #   category-encoders
    #   cmdstanpy
    #   dagshub
    #   dagshub-annotation-converter
    #   datasets
    #   feature-engine
    #   great-expectations
    #   interpret-core
    #   mlflow
    #   pmdarima
    #   prophet
    #   salib
    #   seaborn
    #   shap
    #   skrub
    #   sktime
    #   statsmodels
    #   tsfresh
pandera==0.32.0
    # via -r requirements-uv.txt
parso==0.8.7
    # via jedi
partd==1.4.2
    # via dask
pathspec==1.1.1
    # via
    #   dvc
    #   scmrepo
pathvalidate==3.3.1
    # via dagshub
patsy==1.0.2
    # via
    #   category-encoders
    #   statsmodels
    #   tsfresh
pillow==12.2.0
    # via
    #   dagshub-annotation-converter
    #   imageio
    #   matplotlib
    #   scikit-image
    #   tensorboard
    #   torchvision
platformdirs==4.10.0
    # via dvc
plotly==6.8.0
    # via
    #   catboost
    #   dash
    #   interpret-core
pmdarima==2.1.1
    # via -r requirements-uv.txt
prettytable==3.18.0
    # via skops
prometheus-client==0.25.0
    # via -r requirements-uv.txt
prompt-toolkit==3.0.52
    # via
    #   click-repl
    #   ipython
propcache==0.5.2
    # via
    #   aiohttp
    #   yarl
prophet==1.3.0
    # via -r requirements-uv.txt
proto-plus==1.28.0
    # via
    #   google-api-core
    #   google-cloud-storage-control
protobuf==6.33.6
    # via
    #   -r requirements-uv.txt
    #   databricks-sdk
    #   google-api-core
    #   google-cloud-storage-control
    #   googleapis-common-protos
    #   grpc-google-iam-v1
    #   grpcio-status
    #   kfp
    #   kfp-pipeline-spec
    #   mlflow-skinny
    #   mlflow-tracing
    #   opentelemetry-proto
    #   proto-plus
    #   tensorboard
    #   tensorboardx
psutil==7.2.2
    # via
    #   -r requirements-uv.txt
    #   distributed
    #   dvc
    #   flufl-lock
    #   interpret-core
    #   memory-profiler
pure-eval==0.2.3
    # via stack-data
py4j==0.10.9.9
    # via
    #   -r requirements-uv.txt
    #   hyperopt
    #   pyspark
pyaml==26.2.1
    # via scikit-optimize
pyarrow==24.0.0
    # via
    #   -r requirements-uv.txt
    #   datasets
    #   mlflow
pyasn1==0.6.3
    # via
    #   pyasn1-modules
    #   rsa
pyasn1-modules==0.4.2
    # via google-auth
pycparser==3.0
    # via cffi
pydantic==2.13.4
    # via
    #   -r requirements-uv.txt
    #   dagshub-annotation-converter
    #   dash
    #   fastapi
    #   great-expectations
    #   gto
    #   mcp
    #   mlflow-skinny
    #   mlflow-tracing
    #   pandera
    #   pydantic-settings
pydantic-core==2.46.4
    # via pydantic
pydantic-settings==2.14.2
    # via
    #   -r requirements-uv.txt
    #   gto
    #   mcp
pydot==4.0.1
    # via
    #   dvc
    #   skrub
pygit2==1.18.2
    # via scmrepo
pygments==2.20.0
    # via
    #   ipython
    #   rich
pygtrie==2.5.0
    # via
    #   dvc
    #   dvc-data
    #   scmrepo
    #   sqltrie
pyjwt==2.13.0
    # via mcp
pyparsing==3.3.2
    # via
    #   dvc
    #   grandalf
    #   great-expectations
    #   matplotlib
    #   pydot
pyreadline3==3.5.6
    # via humanfriendly
pyspark==4.1.2
    # via -r requirements-uv.txt
python-dateutil==2.9.0.post0
    # via
    #   aiobotocore
    #   botocore
    #   celery
    #   dagshub
    #   graphene
    #   great-expectations
    #   holidays
    #   kfp-server-api
    #   kubernetes
    #   matplotlib
    #   pandas
python-dotenv==1.2.2
    # via
    #   -r requirements-uv.txt
    #   mlflow-skinny
    #   pydantic-settings
python-json-logger==4.1.0
    # via -r requirements-uv.txt
python-multipart==0.0.32
    # via mcp
pytorch-lightning==2.6.5
    # via -r requirements-uv.txt
pytz==2026.2
    # via pandas
pywavelets==1.8.0
    # via tsfresh
pywin32==312
    # via
    #   docker
    #   dvc-task
    #   mcp
pyyaml==6.0.3
    # via
    #   -r requirements-uv.txt
    #   awscli
    #   dagshub
    #   dagshub-annotation-converter
    #   dask
    #   distributed
    #   huggingface-hub
    #   kfp
    #   kubernetes
    #   mlflow-skinny
    #   omegaconf
    #   optuna
    #   pyaml
    #   pytorch-lightning
    #   transformers
redis==8.0.1
    # via -r requirements-uv.txt
referencing==0.37.0
    # via
    #   jsonschema
    #   jsonschema-specifications
regex==2026.5.9
    # via transformers
requests==2.34.2
    # via
    #   dash
    #   databricks-sdk
    #   datasets
    #   docker
    #   dvc
    #   dvc-studio-client
    #   gcsfs
    #   google-api-core
    #   google-cloud-storage
    #   gql
    #   great-expectations
    #   interpret-core
    #   iterative-telemetry
    #   kubernetes
    #   mlflow-skinny
    #   opentelemetry-exporter-otlp-proto-http
    #   requests-oauthlib
    #   requests-toolbelt
    #   skrub
    #   tsfresh
requests-oauthlib==2.0.0
    # via
    #   google-auth-oauthlib
    #   kubernetes
requests-toolbelt==1.0.0
    # via
    #   gql
    #   kfp
retrying==1.4.2
    # via dash
rich==15.0.0
    # via
    #   dagshub
    #   dvc
    #   gto
    #   typer
rpds-py==0.30.0
    # via
    #   jsonschema
    #   referencing
rsa==4.7.2
    # via awscli
ruamel-yaml==0.19.1
    # via
    #   dvc
    #   great-expectations
    #   gto
s3fs==2026.6.0
    # via -r requirements-uv.txt
s3transfer==0.17.1
    # via
    #   -r requirements-uv.txt
    #   awscli
    #   boto3
safetensors==0.8.0
    # via
    #   -r requirements-uv.txt
    #   transformers
salib==1.5.2
    # via interpret-core
scikit-base==1.0.2
    # via sktime
scikit-image==0.25.2
    # via lime
scikit-learn==1.7.2
    # via
    #   -r requirements-uv.txt
    #   category-encoders
    #   eli5
    #   feature-engine
    #   imbalanced-learn
    #   interpret-core
    #   lime
    #   mlflow
    #   pmdarima
    #   scikit-optimize
    #   shap
    #   sklearn-compat
    #   skops
    #   skrub
    #   sktime
    #   tsfresh
scikit-optimize==0.10.2
    # via -r requirements-uv.txt
scipy==1.15.3
    # via
    #   -r requirements-uv.txt
    #   catboost
    #   category-encoders
    #   eli5
    #   feature-engine
    #   great-expectations
    #   hyperopt
    #   imbalanced-learn
    #   lightgbm
    #   lime
    #   mlflow
    #   pmdarima
    #   salib
    #   scikit-image
    #   scikit-learn
    #   scikit-optimize
    #   shap
    #   skops
    #   skrub
    #   sktime
    #   statsmodels
    #   stumpy
    #   tsfresh
    #   xgboost
scmrepo==3.6.2
    # via
    #   dvc
    #   gto
seaborn==0.13.2
    # via -r requirements-uv.txt
semver==3.0.4
    # via
    #   dagshub
    #   gto
setuptools==81.0.0
    # via
    #   dash
    #   pmdarima
    #   tensorboard
    #   torch
    #   zc-lockfile
shap==0.49.1
    # via
    #   -r requirements-uv.txt
    #   interpret-core
shellingham==1.5.4
    # via typer
shortuuid==1.0.13
    # via
    #   dvc
    #   dvc-task
shtab==1.8.0
    # via dvc
six==1.17.0
    # via
    #   -r requirements-uv.txt
    #   catboost
    #   hyperopt
    #   kfp-server-api
    #   kubernetes
    #   python-dateutil
    #   treelib
sklearn-compat==0.1.6
    # via imbalanced-learn
skops==0.14.0
    # via mlflow
skrub==0.9.0
    # via -r requirements-uv.txt
sktime==1.0.1
    # via -r requirements-uv.txt
slicer==0.0.8
    # via shap
smmap==5.0.3
    # via gitdb
sortedcontainers==2.4.0
    # via distributed
sqlalchemy==2.0.51
    # via
    #   alembic
    #   mlflow
    #   optuna
sqlparse==0.5.5
    # via mlflow-skinny
sqltrie==0.11.2
    # via dvc-data
sse-starlette==3.4.5
    # via mcp
stack-data==0.6.3
    # via ipython
stanio==0.5.1
    # via cmdstanpy
starlette==1.3.1
    # via
    #   fastapi
    #   mcp
    #   mlflow-skinny
    #   sse-starlette
statsmodels==0.14.6
    # via
    #   -r requirements-uv.txt
    #   category-encoders
    #   feature-engine
    #   pmdarima
    #   tsfresh
structlog==26.1.0
    # via -r requirements-uv.txt
stumpy==1.14.1
    # via tsfresh
sympy==1.14.0
    # via torch
tabulate==0.10.0
    # via
    #   -r requirements-uv.txt
    #   dvc
    #   eli5
    #   gto
    #   kfp
tblib==3.2.2
    # via distributed
tenacity==9.1.4
    # via dagshub
tensorboard==2.20.0
    # via -r requirements-uv.txt
tensorboard-data-server==0.7.2
    # via tensorboard
tensorboardx==2.6.5
    # via -r requirements-uv.txt
threadpoolctl==3.6.0
    # via
    #   imbalanced-learn
    #   scikit-learn
tifffile==2025.5.10
    # via scikit-image
tokenizers==0.22.2
    # via
    #   -r requirements-uv.txt
    #   transformers
tomli==2.4.1
    # via
    #   alembic
    #   line-profiler
    #   optuna-dashboard
tomlkit==0.15.0
    # via dvc
toolz==1.1.0
    # via
    #   dask
    #   distributed
    #   partd
torch==2.12.1
    # via
    #   -r requirements-uv.txt
    #   pytorch-lightning
    #   torchmetrics
    #   torchvision
torchaudio==2.11.0
    # via -r requirements-uv.txt
torchmetrics==1.9.0
    # via
    #   -r requirements-uv.txt
    #   pytorch-lightning
torchvision==0.27.1
    # via -r requirements-uv.txt
tornado==6.5.7
    # via distributed
tqdm==4.68.3
    # via
    #   -r requirements-uv.txt
    #   cmdstanpy
    #   datasets
    #   dvc
    #   dvc-data
    #   fsspec
    #   great-expectations
    #   huggingface-hub
    #   hyperopt
    #   lime
    #   optuna
    #   prophet
    #   pytorch-lightning
    #   scmrepo
    #   shap
    #   transformers
    #   tsfresh
traitlets==5.15.1
    # via
    #   ipython
    #   ipywidgets
    #   matplotlib-inline
transformers==5.12.1
    # via -r requirements-uv.txt
treelib==1.8.0
    # via dagshub
tsfresh==0.21.2
    # via -r requirements-uv.txt
typeguard==4.5.2
    # via pandera
typer==0.25.1
    # via
    #   gto
    #   huggingface-hub
    #   transformers
typing-extensions==4.15.0
    # via
    #   -r requirements-uv.txt
    #   aiobotocore
    #   aiohttp
    #   aiokafka
    #   aiosignal
    #   alembic
    #   altair
    #   anyio
    #   asgiref
    #   asyncssh
    #   cryptography
    #   dagshub-annotation-converter
    #   dash
    #   dulwich
    #   exceptiongroup
    #   fastapi
    #   flask-cors
    #   graphene
    #   great-expectations
    #   grpcio
    #   huggingface-hub
    #   ipython
    #   lightning-utilities
    #   line-profiler
    #   mcp
    #   mistune
    #   mlflow-skinny
    #   multidict
    #   opentelemetry-api
    #   opentelemetry-exporter-otlp-proto-grpc
    #   opentelemetry-exporter-otlp-proto-http
    #   opentelemetry-sdk
    #   opentelemetry-semantic-conventions
    #   pandera
    #   pydantic
    #   pydantic-core
    #   pyjwt
    #   pytorch-lightning
    #   referencing
    #   shap
    #   sqlalchemy
    #   starlette
    #   structlog
    #   torch
    #   typeguard
    #   typing-inspect
    #   typing-inspection
    #   uvicorn
typing-inspect==0.9.0
    # via
    #   dataclasses-json
    #   pandera
typing-inspection==0.4.2
    # via
    #   fastapi
    #   mcp
    #   pydantic
    #   pydantic-settings
tzdata==2026.2
    # via
    #   kombu
    #   pandas
    #   tzlocal
tzlocal==5.4.3
    # via
    #   celery
    #   great-expectations
urllib3==2.7.0
    # via
    #   botocore
    #   databricks-sdk
    #   docker
    #   dulwich
    #   kfp
    #   kfp-server-api
    #   kubernetes
    #   pmdarima
    #   requests
uvicorn==0.49.0
    # via
    #   -r requirements-uv.txt
    #   mcp
    #   mlflow-skinny
vine==5.1.0
    # via
    #   amqp
    #   celery
    #   kombu
voluptuous==0.16.0
    # via
    #   dvc
    #   dvc-studio-client
waitress==3.0.2
    # via mlflow
wcwidth==0.8.1
    # via
    #   prettytable
    #   prompt-toolkit
websocket-client==1.9.0
    # via kubernetes
werkzeug==3.1.8
    # via
    #   dash
    #   flask
    #   flask-cors
    #   tensorboard
widgetsnbextension==4.0.15
    # via ipywidgets
win32-setctime==1.2.0
    # via loguru
wrapt==2.2.2
    # via
    #   aiobotocore
    #   opentelemetry-instrumentation
xgboost==3.2.0
    # via -r requirements-uv.txt
xlrd==2.0.2
    # via -r requirements-uv.txt
xxhash==3.7.1
    # via datasets
yarl==1.24.2
    # via
    #   aiohttp
    #   gql
zc-lockfile==4.0
    # via dvc
zict==3.0.0
    # via distributed
zipp==4.1.0
    # via importlib-metadata
zope-event==6.2
    # via gevent
zope-interface==8.5
    # via gevent
